
Microsoft Visual Studio Solution File, Format Version 12.00
# Visual Studio Version 17
VisualStudioVersion = 17.13.36105.23 d17.13
MinimumVisualStudioVersion = 10.0.40219.1
Project("{FAE04EC0-301F-11D3-BF4B-00C04F79EFBC}") = "Ejemplo1RailwayNube", "Ejemplo1RailwayNube\Ejemplo1RailwayNube.csproj", "{37CB5D0C-28A2-4DC7-9A1F-AE40148A6F0B}"
EndProject
Global
	GlobalSection(SolutionConfigurationPlatforms) = preSolution
		Debug|Any CPU = Debug|Any CPU
		Release|Any CPU = Release|Any CPU
	EndGlobalSection
	GlobalSection(ProjectConfigurationPlatforms) = postSolution
		{37CB5D0C-28A2-4DC7-9A1F-AE40148A6F0B}.Debug|Any CPU.ActiveCfg = Debug|Any CPU
		{37CB5D0C-28A2-4DC7-9A1F-AE40148A6F0B}.Debug|Any CPU.Build.0 = Debug|Any CPU
		{37CB5D0C-28A2-4DC7-9A1F-AE40148A6F0B}.Release|Any CPU.ActiveCfg = Release|Any CPU
		{37CB5D0C-28A2-4DC7-9A1F-AE40148A6F0B}.Release|Any CPU.Build.0 = Release|Any CPU
	EndGlobalSection
	GlobalSection(SolutionProperties) = preSolution
		HideSolutionNode = FALSE
	EndGlobalSection
	GlobalSection(ExtensibilityGlobals) = postSolution
		SolutionGuid = {92DA62E8-E300-4BB9-B860-A2FCE2A2CDA1}
	EndGlobalSection
EndGlobal
